
Microsoft Visual Studio Solution File, Format Version 12.00
# Visual Studio 2013
VisualStudioVersion = 12.0.30723.0
MinimumVisualStudioVersion = 10.0.40219.1
Project("{FAE04EC0-301F-11D3-BF4B-00C04F79EFBC}") = "Lib", "TuringToPost\Lib.csproj", "{2C24FAE6-00B3-444B-9450-36B2CD12B5E3}"
EndProject
Project("{FAE04EC0-301F-11D3-BF4B-00C04F79EFBC}") = "ConsoleApplication1", "ConsoleApplication1\ConsoleApplication1.csproj", "{F07FAA80-F9AC-42C6-BC5B-6051681BA340}"
EndProject
Project("{FAE04EC0-301F-11D3-BF4B-00C04F79EFBC}") = "ЕМТ", "ЕМТ\ЕМТ.csproj", "{A56187B6-C814-455B-8C88-1E896135DB68}"
EndProject
Project("{FAE04EC0-301F-11D3-BF4B-00C04F79EFBC}") = "TuringToPostLib", "TuringToPostLib\TuringToPostLib.csproj", "{E94DAE9E-FBBF-445B-8278-BCA49525CB21}"
EndProject
Project("{FAE04EC0-301F-11D3-BF4B-00C04F79EFBC}") = "TuringToPost", "WindowsFormsApplication2\TuringToPost.csproj", "{0FB0D5EC-D8A7-4F6E-A896-228A3D656FF9}"
EndProject
Global
	GlobalSection(SolutionConfigurationPlatforms) = preSolution
		Debug|Any CPU = Debug|Any CPU
		Release|Any CPU = Release|Any CPU
	EndGlobalSection
	GlobalSection(ProjectConfigurationPlatforms) = postSolution
		{2C24FAE6-00B3-444B-9450-36B2CD12B5E3}.Debug|Any CPU.ActiveCfg = Debug|Any CPU
		{2C24FAE6-00B3-444B-9450-36B2CD12B5E3}.Debug|Any CPU.Build.0 = Debug|Any CPU
		{2C24FAE6-00B3-444B-9450-36B2CD12B5E3}.Release|Any CPU.ActiveCfg = Release|Any CPU
		{2C24FAE6-00B3-444B-9450-36B2CD12B5E3}.Release|Any CPU.Build.0 = Release|Any CPU
		{F07FAA80-F9AC-42C6-BC5B-6051681BA340}.Debug|Any CPU.ActiveCfg = Debug|Any CPU
		{F07FAA80-F9AC-42C6-BC5B-6051681BA340}.Debug|Any CPU.Build.0 = Debug|Any CPU
		{F07FAA80-F9AC-42C6-BC5B-6051681BA340}.Release|Any CPU.ActiveCfg = Release|Any CPU
		{F07FAA80-F9AC-42C6-BC5B-6051681BA340}.Release|Any CPU.Build.0 = Release|Any CPU
		{A56187B6-C814-455B-8C88-1E896135DB68}.Debug|Any CPU.ActiveCfg = Debug|Any CPU
		{A56187B6-C814-455B-8C88-1E896135DB68}.Debug|Any CPU.Build.0 = Debug|Any CPU
		{A56187B6-C814-455B-8C88-1E896135DB68}.Release|Any CPU.ActiveCfg = Release|Any CPU
		{A56187B6-C814-455B-8C88-1E896135DB68}.Release|Any CPU.Build.0 = Release|Any CPU
		{E94DAE9E-FBBF-445B-8278-BCA49525CB21}.Debug|Any CPU.ActiveCfg = Debug|Any CPU
		{E94DAE9E-FBBF-445B-8278-BCA49525CB21}.Debug|Any CPU.Build.0 = Debug|Any CPU
		{E94DAE9E-FBBF-445B-8278-BCA49525CB21}.Release|Any CPU.ActiveCfg = Release|Any CPU
		{E94DAE9E-FBBF-445B-8278-BCA49525CB21}.Release|Any CPU.Build.0 = Release|Any CPU
		{0FB0D5EC-D8A7-4F6E-A896-228A3D656FF9}.Debug|Any CPU.ActiveCfg = Debug|Any CPU
		{0FB0D5EC-D8A7-4F6E-A896-228A3D656FF9}.Debug|Any CPU.Build.0 = Debug|Any CPU
		{0FB0D5EC-D8A7-4F6E-A896-228A3D656FF9}.Release|Any CPU.ActiveCfg = Release|Any CPU
		{0FB0D5EC-D8A7-4F6E-A896-228A3D656FF9}.Release|Any CPU.Build.0 = Release|Any CPU
	EndGlobalSection
	GlobalSection(SolutionProperties) = preSolution
		HideSolutionNode = FALSE
	EndGlobalSection
EndGlobal
